{
  "name": "fe-moster",
  "version": "1.0.0",
  "lockfileVersion": 3,
  "requires": true,
  "packages": {
    "": {
      "name": "fe-moster",
      "version": "1.0.0",
      "license": "ISC",
      "dependencies": {
        "@tsparticles/engine": "^4.3.1",
        "@tsparticles/slim": "^4.3.1"
      }
    },
    "node_modules/@tsparticles/animation-utils": {
      "version": "4.3.1",
      "resolved": "https://registry.npmjs.org/@tsparticles/animation-utils/-/animation-utils-4.3.1.tgz",
      "integrity": "sha512-0yACgR9S6W+4RnNIdLkICKmtIOFvwEdc99vT7e+GCvydyipZEoqsyTdKU40sdoDIu1UEJ1sOXPQsgCj3EpkbFA==",
      "funding": [
        {
          "type": "github",
          "url": "https://github.com/sponsors/matteobruni"
        },
        {
          "type": "github",
          "url": "https://github.com/sponsors/tsparticles"
        },
        {
          "type": "buymeacoffee",
          "url": "https://www.buymeacoffee.com/matteobruni"
        }
      ],
      "license": "MIT",
      "peerDependencies": {
        "@tsparticles/engine": "4.3.1"
      }
    },
    "node_modules/@tsparticles/basic": {
      "version": "4.3.1",
      "resolved": "https://registry.npmjs.org/@tsparticles/basic/-/basic-4.3.1.tgz",
      "integrity": "sha512-bmPsbN35L99Y3/79WTiUrfMka7PL/NowkK+fVDUke8dLHGBn8BrKpwvAsw45P/updDLY4T10COpB7bd4Z45wfQ==",
      "funding": [
        {
          "type": "github",
          "url": "https://github.com/sponsors/matteobruni"
        },
        {
          "type": "github",
          "url": "https://github.com/sponsors/tsparticles"
        },
        {
          "type": "buymeacoffee",
          "url": "https://www.buymeacoffee.com/matteobruni"
        }
      ],
      "license": "MIT",
      "dependencies": {
        "@tsparticles/engine": "4.3.1",
        "@tsparticles/plugin-blend": "4.3.1",
        "@tsparticles/plugin-hex-color": "4.3.1",
        "@tsparticles/plugin-hsl-color": "4.3.1",
        "@tsparticles/plugin-move": "4.3.1",
        "@tsparticles/plugin-rgb-color": "4.3.1",
        "@tsparticles/shape-circle": "4.3.1",
        "@tsparticles/updater-opacity": "4.3.1",
        "@tsparticles/updater-out-modes": "4.3.1",
        "@tsparticles/updater-paint": "4.3.1",
        "@tsparticles/updater-size": "4.3.1"
      }
    },
    "node_modules/@tsparticles/canvas-utils": {
      "version": "4.3.1",
      "resolved": "https://registry.npmjs.org/@tsparticles/canvas-utils/-/canvas-utils-4.3.1.tgz",
      "integrity": "sha512-KMLzmnHbkuGokD3eo66wVZZG1mmsQ5kDjrfES90/W9+y5jVxOcx0lWOloPNC7T6IdkzmJiJ6bweOJwzhiE+d5g==",
      "funding": [
        {
          "type": "github",
          "url": "https://github.com/sponsors/matteobruni"
        },
        {
          "type": "github",
          "url": "https://github.com/sponsors/tsparticles"
        },
        {
          "type": "buymeacoffee",
          "url": "https://www.buymeacoffee.com/matteobruni"
        }
      ],
      "license": "MIT",
      "peerDependencies": {
        "@tsparticles/engine": "4.3.1"
      }
    },
    "node_modules/@tsparticles/engine": {
      "version": "4.3.1",
      "resolved": "https://registry.npmjs.org/@tsparticles/engine/-/engine-4.3.1.tgz",
      "integrity": "sha512-WB8oyO0uUNSN+cbNCqqeolc1/qt0IONKD5vlRpNuIf4R2D5d4vjYSjQBzRbmS8MuldrUQZygMWwjx6yd3nkGNA==",
      "funding": [
        {
          "type": "github",
          "url": "https://github.com/sponsors/matteobruni"
        },
        {
          "type": "github",
          "url": "https://github.com/sponsors/tsparticles"
        },
        {
          "type": "buymeacoffee",
          "url": "https://www.buymeacoffee.com/matteobruni"
        }
      ],
      "hasInstallScript": true,
      "license": "MIT"
    },
    "node_modules/@tsparticles/interaction-external-attract": {
      "version": "4.3.1",
      "resolved": "https://registry.npmjs.org/@tsparticles/interaction-external-attract/-/interaction-external-attract-4.3.1.tgz",
      "integrity": "sha512-Ds7nnjzYbHtwDJfqfFtLLUclEnLG11PD5hEkHDC+fXQXzzpfOM7pdaWRd4q1fLXY0tlVXi+koWZU4xIexAIkxg==",
      "license": "MIT",
      "peerDependencies": {
        "@tsparticles/engine": "4.3.1",
        "@tsparticles/plugin-interactivity": "4.3.1"
      }
    },
    "node_modules/@tsparticles/interaction-external-bounce": {
      "version": "4.3.1",
      "resolved": "https://registry.npmjs.org/@tsparticles/interaction-external-bounce/-/interaction-external-bounce-4.3.1.tgz",
      "integrity": "sha512-2vCBEis4wa19FP/CvkeGAy3f0WDbnZxLqHemmd6fBBiaPknssf+cE1O+jMZK3CNeRDY/ot+w6NmGZeSBqvWcqQ==",
      "license": "MIT",
      "peerDependencies": {
        "@tsparticles/engine": "4.3.1",
        "@tsparticles/plugin-interactivity": "4.3.1"
      }
    },
    "node_modules/@tsparticles/interaction-external-bubble": {
      "version": "4.3.1",
      "resolved": "https://registry.npmjs.org/@tsparticles/interaction-external-bubble/-/interaction-external-bubble-4.3.1.tgz",
      "integrity": "sha512-zx97yAfmvdsd+LnpYb609StUmbQcwbYQekcuxQJTYga1JtP7X/Z3aev6xX/KDzDEK+5V2ln2Kvv25kkGW86hgw==",
      "license": "MIT",
      "peerDependencies": {
        "@tsparticles/engine": "4.3.1",
        "@tsparticles/plugin-interactivity": "4.3.1"
      }
    },
    "node_modules/@tsparticles/interaction-external-connect": {
      "version": "4.3.1",
      "resolved": "https://registry.npmjs.org/@tsparticles/interaction-external-connect/-/interaction-external-connect-4.3.1.tgz",
      "integrity": "sha512-Sv9UMvdjFfG1h0xYKm83Qo+3YOuIeNPTAoVmqa1ahvRGf7FbnF9tfQZ62Mi30O6xy99jJ6Zy/h9Dbhl2usqyJw==",
      "license": "MIT",
      "dependencies": {
        "@tsparticles/canvas-utils": "4.3.1"
      },
      "peerDependencies": {
        "@tsparticles/engine": "4.3.1",
        "@tsparticles/plugin-interactivity": "4.3.1"
      }
    },
    "node_modules/@tsparticles/interaction-external-destroy": {
      "version": "4.3.1",
      "resolved": "https://registry.npmjs.org/@tsparticles/interaction-external-destroy/-/interaction-external-destroy-4.3.1.tgz",
      "integrity": "sha512-LMV0ZqZ8zKR65r1hEcfTYXDD5XEt9P1tz64kG/T08VoXyTe/1KhFB4eJvR1lMbIC6UR7Y2b88sAOZVgWihb80A==",
      "license": "MIT",
      "peerDependencies": {
        "@tsparticles/engine": "4.3.1",
        "@tsparticles/plugin-interactivity": "4.3.1"
      }
    },
    "node_modules/@tsparticles/interaction-external-grab": {
      "version": "4.3.1",
      "resolved": "https://registry.npmjs.org/@tsparticles/interaction-external-grab/-/interaction-external-grab-4.3.1.tgz",
      "integrity": "sha512-w2xdJmEyQoVYCaH0E8vfP6uV53h9ISqZ/sJkdSsHUqxaahmmq0CVnEB1qnxBKNle54+I/lXjC+RoTxmuFpp5cQ==",
      "license": "MIT",
      "dependencies": {
        "@tsparticles/canvas-utils": "4.3.1"
      },
      "peerDependencies": {
        "@tsparticles/engine": "4.3.1",
        "@tsparticles/plugin-interactivity": "4.3.1"
      }
    },
    "node_modules/@tsparticles/interaction-external-parallax": {
      "version": "4.3.1",
      "resolved": "https://registry.npmjs.org/@tsparticles/interaction-external-parallax/-/interaction-external-parallax-4.3.1.tgz",
      "integrity": "sha512-z+Jq+d/Z3n2BJG3hSWL18t/UZDFmyM0WOomenVS8t+IT6ffGQj3r8649SlL9auPL7E87EAfP45Utne/hEuLkdQ==",
      "license": "MIT",
      "peerDependencies": {
        "@tsparticles/engine": "4.3.1",
        "@tsparticles/plugin-interactivity": "4.3.1"
      }
    },
    "node_modules/@tsparticles/interaction-external-pause": {
      "version": "4.3.1",
      "resolved": "https://registry.npmjs.org/@tsparticles/interaction-external-pause/-/interaction-external-pause-4.3.1.tgz",
      "integrity": "sha512-XDUJ5DDf8Bbda80IXUQbgB/GSnLwsUJBBs71gLgGHQVUELNCWDE5H+6q4rLIOlojnDCWcaSNmii04YxJ49S9Lw==",
      "license": "MIT",
      "peerDependencies": {
        "@tsparticles/engine": "4.3.1",
        "@tsparticles/plugin-interactivity": "4.3.1"
      }
    },
    "node_modules/@tsparticles/interaction-external-push": {
      "version": "4.3.1",
      "resolved": "https://registry.npmjs.org/@tsparticles/interaction-external-push/-/interaction-external-push-4.3.1.tgz",
      "integrity": "sha512-p93coJtPbcshwSo+vEwUsOJO2h8sVVozsRGF5ryJ8i4po0HnH6tAbq19ASDeNrwBSsvuAfqKB2a7sJ/5JGeiDg==",
      "license": "MIT",
      "peerDependencies": {
        "@tsparticles/engine": "4.3.1",
        "@tsparticles/plugin-interactivity": "4.3.1"
      }
    },
    "node_modules/@tsparticles/interaction-external-remove": {
      "version": "4.3.1",
      "resolved": "https://registry.npmjs.org/@tsparticles/interaction-external-remove/-/interaction-external-remove-4.3.1.tgz",
      "integrity": "sha512-jl301J3TqZApfkXYb+sDsgvmcm2CF0vYJLDzgmS0cbr53Cdwjq1oGgXXPn4nlnH+PwxxuQQs4wv8edX4hiH9vg==",
      "license": "MIT",
      "peerDependencies": {
        "@tsparticles/engine": "4.3.1",
        "@tsparticles/plugin-interactivity": "4.3.1"
      }
    },
    "node_modules/@tsparticles/interaction-external-repulse": {
      "version": "4.3.1",
      "resolved": "https://registry.npmjs.org/@tsparticles/interaction-external-repulse/-/interaction-external-repulse-4.3.1.tgz",
      "integrity": "sha512-+DOl+E8qsKDcvVpWSmmTChmkXx4UDcrkM7qH3Gj4CAj7VAmUizp1NsQDpSQHuSniqL5noMbm82d4AN14lvvwwA==",
      "license": "MIT",
      "peerDependencies": {
        "@tsparticles/engine": "4.3.1",
        "@tsparticles/plugin-interactivity": "4.3.1"
      }
    },
    "node_modules/@tsparticles/interaction-external-slow": {
      "version": "4.3.1",
      "resolved": "https://registry.npmjs.org/@tsparticles/interaction-external-slow/-/interaction-external-slow-4.3.1.tgz",
      "integrity": "sha512-JB0fnUSgtA0q1jXUs9EOIXLMplOJGMZ1o7ydZ5E3UJBIzxPyuN494GdO+QgdwWJkSZDNWBG8ozynKfOOsJqGPQ==",
      "license": "MIT",
      "peerDependencies": {
        "@tsparticles/engine": "4.3.1",
        "@tsparticles/plugin-interactivity": "4.3.1"
      }
    },
    "node_modules/@tsparticles/interaction-particles-attract": {
      "version": "4.3.1",
      "resolved": "https://registry.npmjs.org/@tsparticles/interaction-particles-attract/-/interaction-particles-attract-4.3.1.tgz",
      "integrity": "sha512-r+LEudyqq1gT7RAgBb3bRdNwkGDT018w6WDsU6f0JAPk1UmOytPYDUPKVdybwIqxzwsIIoiQ59WtaRlWKrL/TA==",
      "license": "MIT",
      "peerDependencies": {
        "@tsparticles/engine": "4.3.1",
        "@tsparticles/plugin-interactivity": "4.3.1"
      }
    },
    "node_modules/@tsparticles/interaction-particles-collisions": {
      "version": "4.3.1",
      "resolved": "https://registry.npmjs.org/@tsparticles/interaction-particles-collisions/-/interaction-particles-collisions-4.3.1.tgz",
      "integrity": "sha512-KTjEAhwJcxsjTYGADlEWjkcUn9J9VoO1qpoARbzH2QHrrcs9DM7ZlGKwJTWC9zew/mFyILY/Dcf0mWxwwnNWjg==",
      "license": "MIT",
      "peerDependencies": {
        "@tsparticles/engine": "4.3.1",
        "@tsparticles/plugin-interactivity": "4.3.1"
      }
    },
    "node_modules/@tsparticles/interaction-particles-links": {
      "version": "4.3.1",
      "resolved": "https://registry.npmjs.org/@tsparticles/interaction-particles-links/-/interaction-particles-links-4.3.1.tgz",
      "integrity": "sha512-KvB3ssa8MUv3znH19/pVdy2Zr/VwoRsWy4Xt/6S+JZe3Df1J1f5MuqK/IjKDdxqPo/v+ZQWmzbor0+oSpaAEpw==",
      "license": "MIT",
      "dependencies": {
        "@tsparticles/canvas-utils": "4.3.1"
      },
      "peerDependencies": {
        "@tsparticles/engine": "4.3.1",
        "@tsparticles/plugin-interactivity": "4.3.1"
      }
    },
    "node_modules/@tsparticles/plugin-blend": {
      "version": "4.3.1",
      "resolved": "https://registry.npmjs.org/@tsparticles/plugin-blend/-/plugin-blend-4.3.1.tgz",
      "integrity": "sha512-Xmwo04LHLF6OROzmeWSoJATFksMpZGlTU9GP3F4Yd2aFFUq+ErHQkT/DCgYH99xL001FIZX8g16kqmos+7E5ZQ==",
      "license": "MIT",
      "peerDependencies": {
        "@tsparticles/engine": "4.3.1"
      }
    },
    "node_modules/@tsparticles/plugin-easing-quad": {
      "version": "4.3.1",
      "resolved": "https://registry.npmjs.org/@tsparticles/plugin-easing-quad/-/plugin-easing-quad-4.3.1.tgz",
      "integrity": "sha512-c03dN867REbD5+kFwldYW+aMvJKCCoo26Ep2ZXYiqsLznWUhK1M8Z+FXwtNLjzBuDULMzUFESYo4Mr2xXRJlGA==",
      "funding": [
        {
          "type": "github",
          "url": "https://github.com/sponsors/matteobruni"
        },
        {
          "type": "github",
          "url": "https://github.com/sponsors/tsparticles"
        },
        {
          "type": "buymeacoffee",
          "url": "https://www.buymeacoffee.com/matteobruni"
        }
      ],
      "license": "MIT",
      "peerDependencies": {
        "@tsparticles/engine": "4.3.1"
      }
    },
    "node_modules/@tsparticles/plugin-hex-color": {
      "version": "4.3.1",
      "resolved": "https://registry.npmjs.org/@tsparticles/plugin-hex-color/-/plugin-hex-color-4.3.1.tgz",
      "integrity": "sha512-p2cf6KHS9N5yaCR94vXHOOtrRurl4/U6olkK7qW5CqGCZMyhxvmaQHbZ0pf6s1cjck8G93ltqsOHacQ8y2quAQ==",
      "funding": [
        {
          "type": "github",
          "url": "https://github.com/sponsors/matteobruni"
        },
        {
          "type": "github",
          "url": "https://github.com/sponsors/tsparticles"
        },
        {
          "type": "buymeacoffee",
          "url": "https://www.buymeacoffee.com/matteobruni"
        }
      ],
      "license": "MIT",
      "peerDependencies": {
        "@tsparticles/engine": "4.3.1"
      }
    },
    "node_modules/@tsparticles/plugin-hsl-color": {
      "version": "4.3.1",
      "resolved": "https://registry.npmjs.org/@tsparticles/plugin-hsl-color/-/plugin-hsl-color-4.3.1.tgz",
      "integrity": "sha512-GJDN41/ZwSakhieLsbEv9SM0EL/or6Ezf3N/JWeYJrAo73YNWh/ahn7WtrOUtrl1cbIvE1QSP+lZqvWYizvlnQ==",
      "funding": [
        {
          "type": "github",
          "url": "https://github.com/sponsors/matteobruni"
        },
        {
          "type": "github",
          "url": "https://github.com/sponsors/tsparticles"
        },
        {
          "type": "buymeacoffee",
          "url": "https://www.buymeacoffee.com/matteobruni"
        }
      ],
      "license": "MIT",
      "peerDependencies": {
        "@tsparticles/engine": "4.3.1"
      }
    },
    "node_modules/@tsparticles/plugin-interactivity": {
      "version": "4.3.1",
      "resolved": "https://registry.npmjs.org/@tsparticles/plugin-interactivity/-/plugin-interactivity-4.3.1.tgz",
      "integrity": "sha512-0hnc//T8zd6Xj0g7Q4wTMdNEXfHqEk5BNtgIXEEcL0zCri88eHsfErzr3fSO6EHGqebUTfBcV1IOU6BkrOX8RQ==",
      "license": "MIT",
      "peerDependencies": {
        "@tsparticles/engine": "4.3.1"
      }
    },
    "node_modules/@tsparticles/plugin-move": {
      "version": "4.3.1",
      "resolved": "https://registry.npmjs.org/@tsparticles/plugin-move/-/plugin-move-4.3.1.tgz",
      "integrity": "sha512-/5SkjHGsnrn58+4EmFPYevqT1huZun29XIacFNScTStC7eCn+muBTPbKmqA6Qtsd/o+kRQFv5c3q3C8hON4GIw==",
      "license": "MIT",
      "peerDependencies": {
        "@tsparticles/engine": "4.3.1"
      }
    },
    "node_modules/@tsparticles/plugin-rgb-color": {
      "version": "4.3.1",
      "resolved": "https://registry.npmjs.org/@tsparticles/plugin-rgb-color/-/plugin-rgb-color-4.3.1.tgz",
      "integrity": "sha512-/OUvvEaACeI1z/m79uGt+zG7XR8oTwgpnl4LEZ+I+Z7IGr4Cwyt+wr6P/7SrKooKHgDSyyNnnLHr1BNhFEV1cQ==",
      "funding": [
        {
          "type": "github",
          "url": "https://github.com/sponsors/matteobruni"
        },
        {
          "type": "github",
          "url": "https://github.com/sponsors/tsparticles"
        },
        {
          "type": "buymeacoffee",
          "url": "https://www.buymeacoffee.com/matteobruni"
        }
      ],
      "license": "MIT",
      "peerDependencies": {
        "@tsparticles/engine": "4.3.1"
      }
    },
    "node_modules/@tsparticles/shape-circle": {
      "version": "4.3.1",
      "resolved": "https://registry.npmjs.org/@tsparticles/shape-circle/-/shape-circle-4.3.1.tgz",
      "integrity": "sha512-uW5hPrjJkWK4LpFF/ZIEHjTz9eL1lQhPG0k/Pg5CiThLHiPkSlH/McEqa/63lgPjTU8ibFjkgIhcdqV6b//DsA==",
      "license": "MIT",
      "peerDependencies": {
        "@tsparticles/engine": "4.3.1"
      }
    },
    "node_modules/@tsparticles/shape-emoji": {
      "version": "4.3.1",
      "resolved": "https://registry.npmjs.org/@tsparticles/shape-emoji/-/shape-emoji-4.3.1.tgz",
      "integrity": "sha512-wI1I9J3vr8278vMCGHjt0SWbEw9PayMStPPh6RnfCCO98ZTjwsnN5NEczFUAaGv9jLpQI8sYuBoCXYyTviWq9w==",
      "license": "MIT",
      "dependencies": {
        "@tsparticles/canvas-utils": "4.3.1"
      },
      "peerDependencies": {
        "@tsparticles/engine": "4.3.1"
      }
    },
    "node_modules/@tsparticles/shape-image": {
      "version": "4.3.1",
      "resolved": "https://registry.npmjs.org/@tsparticles/shape-image/-/shape-image-4.3.1.tgz",
      "integrity": "sha512-42F8QIMxFJeBAkkxW0TsSdkBioxFfDF77FJezHfRgZ78DjCyqhFsu8pRiwL+EkmHjXzpaO8UImyfYgYHePst6A==",
      "license": "MIT",
      "peerDependencies": {
        "@tsparticles/engine": "4.3.1"
      }
    },
    "node_modules/@tsparticles/shape-line": {
      "version": "4.3.1",
      "resolved": "https://registry.npmjs.org/@tsparticles/shape-line/-/shape-line-4.3.1.tgz",
      "integrity": "sha512-he5raAj5fwN+miW3Q1iCJE/rMdrgpwWgkYKoHqQGPk5rXhGD/tIzKmY3BH4gAbMq46zrmARwdr7qRYLy73gxug==",
      "license": "MIT",
      "peerDependencies": {
        "@tsparticles/engine": "4.3.1"
      }
    },
    "node_modules/@tsparticles/shape-polygon": {
      "version": "4.3.1",
      "resolved": "https://registry.npmjs.org/@tsparticles/shape-polygon/-/shape-polygon-4.3.1.tgz",
      "integrity": "sha512-tx89eZRvHCyf41PcgyUQc4KzpYXBP5/ZBKpnnQHhAEO2HBPNYkpfVwIIRhoOgKBLKopdsWrEmLS/N4ISuf4ibA==",
      "license": "MIT",
      "peerDependencies": {
        "@tsparticles/engine": "4.3.1"
      }
    },
    "node_modules/@tsparticles/shape-square": {
      "version": "4.3.1",
      "resolved": "https://registry.npmjs.org/@tsparticles/shape-square/-/shape-square-4.3.1.tgz",
      "integrity": "sha512-eoK3F2XaXvnWH9Zd7sOlm5l+N+H1eETokwUGVP8DWIrNfA3AbdEWz1yblQ/9EA7LG8fk2iEJ0YnhM59YdLoPRA==",
      "license": "MIT",
      "peerDependencies": {
        "@tsparticles/engine": "4.3.1"
      }
    },
    "node_modules/@tsparticles/shape-star": {
      "version": "4.3.1",
      "resolved": "https://registry.npmjs.org/@tsparticles/shape-star/-/shape-star-4.3.1.tgz",
      "integrity": "sha512-qLtnuTXNzbLu7VD9LNhdwpG1hPPpjej6LnrYWSRAvJJuFRco2zJv0V8Bxfk1NCM5zarhSZDEA4wWexh3fWX2LQ==",
      "license": "MIT",
      "peerDependencies": {
        "@tsparticles/engine": "4.3.1"
      }
    },
    "node_modules/@tsparticles/slim": {
      "version": "4.3.1",
      "resolved": "https://registry.npmjs.org/@tsparticles/slim/-/slim-4.3.1.tgz",
      "integrity": "sha512-AMDlFQUAi8hm05Fz8e9dFeeNtcKhEntQFH7uKaV5/aVkEERb//Co7uiRDmlM5HMUUlbZQDMDJZBNq+JyPt5MHw==",
      "funding": [
        {
          "type": "github",
          "url": "https://github.com/sponsors/matteobruni"
        },
        {
          "type": "github",
          "url": "https://github.com/sponsors/tsparticles"
        },
        {
          "type": "buymeacoffee",
          "url": "https://www.buymeacoffee.com/matteobruni"
        }
      ],
      "license": "MIT",
      "dependencies": {
        "@tsparticles/basic": "4.3.1",
        "@tsparticles/engine": "4.3.1",
        "@tsparticles/interaction-external-attract": "4.3.1",
        "@tsparticles/interaction-external-bounce": "4.3.1",
        "@tsparticles/interaction-external-bubble": "4.3.1",
        "@tsparticles/interaction-external-connect": "4.3.1",
        "@tsparticles/interaction-external-destroy": "4.3.1",
        "@tsparticles/interaction-external-grab": "4.3.1",
        "@tsparticles/interaction-external-parallax": "4.3.1",
        "@tsparticles/interaction-external-pause": "4.3.1",
        "@tsparticles/interaction-external-push": "4.3.1",
        "@tsparticles/interaction-external-remove": "4.3.1",
        "@tsparticles/interaction-external-repulse": "4.3.1",
        "@tsparticles/interaction-external-slow": "4.3.1",
        "@tsparticles/interaction-particles-attract": "4.3.1",
        "@tsparticles/interaction-particles-collisions": "4.3.1",
        "@tsparticles/interaction-particles-links": "4.3.1",
        "@tsparticles/plugin-easing-quad": "4.3.1",
        "@tsparticles/plugin-interactivity": "4.3.1",
        "@tsparticles/shape-emoji": "4.3.1",
        "@tsparticles/shape-image": "4.3.1",
        "@tsparticles/shape-line": "4.3.1",
        "@tsparticles/shape-polygon": "4.3.1",
        "@tsparticles/shape-square": "4.3.1",
        "@tsparticles/shape-star": "4.3.1",
        "@tsparticles/updater-life": "4.3.1",
        "@tsparticles/updater-paint": "4.3.1",
        "@tsparticles/updater-rotate": "4.3.1"
      }
    },
    "node_modules/@tsparticles/updater-life": {
      "version": "4.3.1",
      "resolved": "https://registry.npmjs.org/@tsparticles/updater-life/-/updater-life-4.3.1.tgz",
      "integrity": "sha512-jcYi2v34haWCEC1EY60BLMyg5YmdreFSYiNLYQExEKc06LyDVQbgeX25/y/RlXTLr4tIXxYtq2kYU1EnvM071Q==",
      "license": "MIT",
      "peerDependencies": {
        "@tsparticles/engine": "4.3.1"
      }
    },
    "node_modules/@tsparticles/updater-opacity": {
      "version": "4.3.1",
      "resolved": "https://registry.npmjs.org/@tsparticles/updater-opacity/-/updater-opacity-4.3.1.tgz",
      "integrity": "sha512-xJJ0opj2uKopxVW2oXOwn7yVy5dTksMImEHunJDS0rdJZkoY2OYiaAQCj3On7K2SMmFHqXs64ZWj3QA+Wy5ytg==",
      "license": "MIT",
      "dependencies": {
        "@tsparticles/animation-utils": "4.3.1"
      },
      "peerDependencies": {
        "@tsparticles/engine": "4.3.1"
      }
    },
    "node_modules/@tsparticles/updater-out-modes": {
      "version": "4.3.1",
      "resolved": "https://registry.npmjs.org/@tsparticles/updater-out-modes/-/updater-out-modes-4.3.1.tgz",
      "integrity": "sha512-ZgV34js4HlSaZI5NobZw+1/1A274/dv+t+OSu3VolNKfz1BD25s8tlGDy1U15ogbcvKrJ9aFs0Dt44KFVVdAWw==",
      "license": "MIT",
      "peerDependencies": {
        "@tsparticles/engine": "4.3.1"
      }
    },
    "node_modules/@tsparticles/updater-paint": {
      "version": "4.3.1",
      "resolved": "https://registry.npmjs.org/@tsparticles/updater-paint/-/updater-paint-4.3.1.tgz",
      "integrity": "sha512-TEq02wbn/LgBg1Ce+SOcUJ61rZhLCyOBm6EBkiDsJKwNtZ3/c2bN4qUrZ5QK+uqmWG0Em7n5z0JXynKh79N1vg==",
      "license": "MIT",
      "peerDependencies": {
        "@tsparticles/engine": "4.3.1"
      }
    },
    "node_modules/@tsparticles/updater-rotate": {
      "version": "4.3.1",
      "resolved": "https://registry.npmjs.org/@tsparticles/updater-rotate/-/updater-rotate-4.3.1.tgz",
      "integrity": "sha512-slOQfBJxfv8L9AnEoN/TGG3sDThn0yyZlvVaEOY0RCF+h0febTkgLrCwZGmtspXV3JcVn071/qQBXH3q68fhmg==",
      "license": "MIT",
      "dependencies": {
        "@tsparticles/animation-utils": "4.3.1"
      },
      "peerDependencies": {
        "@tsparticles/engine": "4.3.1"
      }
    },
    "node_modules/@tsparticles/updater-size": {
      "version": "4.3.1",
      "resolved": "https://registry.npmjs.org/@tsparticles/updater-size/-/updater-size-4.3.1.tgz",
      "integrity": "sha512-yk3TzZp0mzx6rhYykEwb/OtpVFf//goY0o+XJx+Yo5JtjZbkLw/GMPE8UurZ8q2gT2BAwl5d0lNUNbQUoY/XRA==",
      "license": "MIT",
      "dependencies": {
        "@tsparticles/animation-utils": "4.3.1"
      },
      "peerDependencies": {
        "@tsparticles/engine": "4.3.1"
      }
    }
  }
}
